
Microsoft Visual Studio Solution File, Format Version 12.00
# Visual Studio Version 17
VisualStudioVersion = 17.14.36623.8 d17.14
MinimumVisualStudioVersion = 10.0.40219.1
Project("{FAE04EC0-301F-11D3-BF4B-00C04F79EFBC}") = "GZone.API", "GZone.API\GZone.API.csproj", "{3EFCCA9B-CBB7-46CF-BD09-97D96E3DDABE}"
EndProject
Project("{FAE04EC0-301F-11D3-BF4B-00C04F79EFBC}") = "GZone.Repository", "GZone.Repository\GZone.Repository.csproj", "{AA64E7D4-29F4-4CF0-87C5-F27DB0CB3EDB}"
EndProject
Project("{FAE04EC0-301F-11D3-BF4B-00C04F79EFBC}") = "GZone.Service", "GZone.Service\GZone.Service.csproj", "{0BF9C534-8CAD-4CB8-8101-94DBCFA4829C}"
EndProject
Global
	GlobalSection(SolutionConfigurationPlatforms) = preSolution
		Debug|Any CPU = Debug|Any CPU
		Release|Any CPU = Release|Any CPU
	EndGlobalSection
	GlobalSection(ProjectConfigurationPlatforms) = postSolution
		{3EFCCA9B-CBB7-46CF-BD09-97D96E3DDABE}.Debug|Any CPU.ActiveCfg = Debug|Any CPU
		{3EFCCA9B-CBB7-46CF-BD09-97D96E3DDABE}.Debug|Any CPU.Build.0 = Debug|Any CPU
		{3EFCCA9B-CBB7-46CF-BD09-97D96E3DDABE}.Release|Any CPU.ActiveCfg = Release|Any CPU
		{3EFCCA9B-CBB7-46CF-BD09-97D96E3DDABE}.Release|Any CPU.Build.0 = Release|Any CPU
		{AA64E7D4-29F4-4CF0-87C5-F27DB0CB3EDB}.Debug|Any CPU.ActiveCfg = Debug|Any CPU
		{AA64E7D4-29F4-4CF0-87C5-F27DB0CB3EDB}.Debug|Any CPU.Build.0 = Debug|Any CPU
		{AA64E7D4-29F4-4CF0-87C5-F27DB0CB3EDB}.Release|Any CPU.ActiveCfg = Release|Any CPU
		{AA64E7D4-29F4-4CF0-87C5-F27DB0CB3EDB}.Release|Any CPU.Build.0 = Release|Any CPU
		{0BF9C534-8CAD-4CB8-8101-94DBCFA4829C}.Debug|Any CPU.ActiveCfg = Debug|Any CPU
		{0BF9C534-8CAD-4CB8-8101-94DBCFA4829C}.Debug|Any CPU.Build.0 = Debug|Any CPU
		{0BF9C534-8CAD-4CB8-8101-94DBCFA4829C}.Release|Any CPU.ActiveCfg = Release|Any CPU
		{0BF9C534-8CAD-4CB8-8101-94DBCFA4829C}.Release|Any CPU.Build.0 = Release|Any CPU
	EndGlobalSection
	GlobalSection(SolutionProperties) = preSolution
		HideSolutionNode = FALSE
	EndGlobalSection
	GlobalSection(ExtensibilityGlobals) = postSolution
		SolutionGuid = {D3E9C815-A3E4-4706-B276-014F679B2AAC}
	EndGlobalSection
EndGlobal
